PODS:
  - AFNetworking (2.1.0):
    - AFNetworking/NSURLConnection
    - AFNetworking/NSURLSession
    - AFNetworking/Reachability
    - AFNetworking/Security
    - AFNetworking/Serialization
    - AFNetworking/UIKit
  - AFNetworking/NSURLConnection (2.1.0):
    - AFNetworking/Reachability
    - AFNetworking/Security
    - AFNetworking/Serialization
  - AFNetworking/NSURLSession (2.1.0):
    - AFNetworking/NSURLConnection
  - AFNetworking/Reachability (2.1.0)
  - AFNetworking/Security (2.1.0)
  - AFNetworking/Serialization (2.1.0)
  - AFNetworking/UIKit (2.1.0):
    - AFNetworking/NSURLConnection
  - AFNetworking2-RACExtensions (0.0.1):
    - AFNetworking (~> 2.0)
    - ReactiveCocoa (~> 2.0)
  - DOSingleton (0.0.2)
  - Google-Maps-iOS-SDK (1.8.0)
  - JCModel (0.2):
    - JCModel/AFNetworking
    - JCModel/Core
    - NSObjectProperties (~> 0.0.3)
  - JCModel/AFNetworking (0.2):
    - AFNetworking (~> 2.0)
    - JCModel/Core
    - NSObjectProperties (~> 0.0.3)
  - JCModel/Core (0.2):
    - NSObjectProperties (~> 0.0.3)
  - NSObjectProperties (0.0.3)
  - ObjectiveSugar (1.1.0)
  - ReactiveCocoa (2.2.3):
    - ReactiveCocoa/Core
    - ReactiveCocoa/no-arc
  - ReactiveCocoa/Core (2.2.3):
    - ReactiveCocoa/no-arc
  - ReactiveCocoa/no-arc (2.2.3)

DEPENDENCIES:
  - AFNetworking
  - AFNetworking2-RACExtensions
  - DOSingleton
  - Google-Maps-iOS-SDK
  - JCModel
  - ObjectiveSugar
  - ReactiveCocoa

SPEC CHECKSUMS:
  AFNetworking: 7c33510b46f994bc75b75c6e63c1d83414ca40f2
  AFNetworking2-RACExtensions: 38ac068ed0257ca0a11f380bfd8375023c1cbe57
  DOSingleton: ff0733dbe84672dbb30c1b294141c27d49056a71
  Google-Maps-iOS-SDK: ff60d249706b07c7e0af4561894ff835e1bd3283
  JCModel: 7fe944e57a177ddfa5d0ad02266d477e2d500bd7
  NSObjectProperties: 2f975d8ccdc844a27830c55ce7b4a0fa766e2b01
  ObjectiveSugar: f48793f5902c77cfc02a4ce46d2e8ecddcad4dc2
  ReactiveCocoa: b751b6d1df73688da1040a3cd5b068765ec118d4

COCOAPODS: 0.32.1
